// !$*UTF8*$!
{
	archiveVersion = 1;
	classes = {
	};
	objectVersion = 56;
	objects = {

/* Begin PBXBuildFile section */
		3C0BEEDC2B4C125F00CC7FA4 /* Rubik-Regular.ttf in Resources */ = {isa = PBXBuildFile; fileRef = 3C0BEEDB2B4C125F00CC7FA4 /* Rubik-Regular.ttf */; };
		3C0BEEDE2B4C126600CC7FA4 /* Rubik-Medium.ttf in Resources */ = {isa = PBXBuildFile; fileRef = 3C0BEEDD2B4C126600CC7FA4 /* Rubik-Medium.ttf */; };
		3C0BEEE12B4C12E900CC7FA4 /* UIFont + Extension.swift in Sources */ = {isa = PBXBuildFile; fileRef = 3C0BEEE02B4C12E900CC7FA4 /* UIFont + Extension.swift */; };
		3C8819FE2B389E7500092D73 /* AppDelegate.swift in Sources */ = {isa = PBXBuildFile; fileRef = 3C8819FD2B389E7500092D73 /* AppDelegate.swift */; };
		3C881A002B389E7500092D73 /* SceneDelegate.swift in Sources */ = {isa = PBXBuildFile; fileRef = 3C8819FF2B389E7500092D73 /* SceneDelegate.swift */; };
		3C881A022B389E7500092D73 /* WelcomeViewController.swift in Sources */ = {isa = PBXBuildFile; fileRef = 3C881A012B389E7500092D73 /* WelcomeViewController.swift */; };
		3C881A072B389E7700092D73 /* Assets.xcassets in Resources */ = {isa = PBXBuildFile; fileRef = 3C881A062B389E7700092D73 /* Assets.xcassets */; };
		3C881A0A2B389E7700092D73 /* LaunchScreen.storyboard in Resources */ = {isa = PBXBuildFile; fileRef = 3C881A082B389E7700092D73 /* LaunchScreen.storyboard */; };
		3C881A192B38A2E000092D73 /* WelcomePresenter.swift in Sources */ = {isa = PBXBuildFile; fileRef = 3C881A182B38A2E000092D73 /* WelcomePresenter.swift */; };
		3C881A1C2B38A49A00092D73 /* ModuleBuilder.swift in Sources */ = {isa = PBXBuildFile; fileRef = 3C881A1B2B38A49A00092D73 /* ModuleBuilder.swift */; };
		3C881A1F2B38A59800092D73 /* Router.swift in Sources */ = {isa = PBXBuildFile; fileRef = 3C881A1E2B38A59800092D73 /* Router.swift */; };
		3C881A222B38A77B00092D73 /* SnapKit in Frameworks */ = {isa = PBXBuildFile; productRef = 3C881A212B38A77B00092D73 /* SnapKit */; };
		3CF9049A2B3DCB1F006E9D51 /* MainViewController.swift in Sources */ = {isa = PBXBuildFile; fileRef = 3CF904992B3DCB1F006E9D51 /* MainViewController.swift */; };
/* End PBXBuildFile section */

/* Begin PBXFileReference section */
		3C0BEEDB2B4C125F00CC7FA4 /* Rubik-Regular.ttf */ = {isa = PBXFileReference; lastKnownFileType = file; path = "Rubik-Regular.ttf"; sourceTree = "<group>"; };
		3C0BEEDD2B4C126600CC7FA4 /* Rubik-Medium.ttf */ = {isa = PBXFileReference; lastKnownFileType = file; path = "Rubik-Medium.ttf"; sourceTree = "<group>"; };
		3C0BEEE02B4C12E900CC7FA4 /* UIFont + Extension.swift */ = {isa = PBXFileReference; lastKnownFileType = sourcecode.swift; path = "UIFont + Extension.swift"; sourceTree = "<group>"; };
		3C8819FA2B389E7500092D73 /* CustomButtons.app */ = {isa = PBXFileReference; explicitFileType = wrapper.application; includeInIndex = 0; path = CustomButtons.app; sourceTree = BUILT_PRODUCTS_DIR; };
		3C8819FD2B389E7500092D73 /* AppDelegate.swift */ = {isa = PBXFileReference; lastKnownFileType = sourcecode.swift; path = AppDelegate.swift; sourceTree = "<group>"; };
		3C8819FF2B389E7500092D73 /* SceneDelegate.swift */ = {isa = PBXFileReference; lastKnownFileType = sourcecode.swift; path = SceneDelegate.swift; sourceTree = "<group>"; };
		3C881A012B389E7500092D73 /* WelcomeViewController.swift */ = {isa = PBXFileReference; lastKnownFileType = sourcecode.swift; path = WelcomeViewController.swift; sourceTree = "<group>"; };
		3C881A062B389E7700092D73 /* Assets.xcassets */ = {isa = PBXFileReference; lastKnownFileType = folder.assetcatalog; path = Assets.xcassets; sourceTree = "<group>"; };
		3C881A092B389E7700092D73 /* Base */ = {isa = PBXFileReference; lastKnownFileType = file.storyboard; name = Base; path = Base.lproj/LaunchScreen.storyboard; sourceTree = "<group>"; };
		3C881A0B2B389E7700092D73 /* Info.plist */ = {isa = PBXFileReference; lastKnownFileType = text.plist.xml; path = Info.plist; sourceTree = "<group>"; };
		3C881A182B38A2E000092D73 /* WelcomePresenter.swift */ = {isa = PBXFileReference; lastKnownFileType = sourcecode.swift; path = WelcomePresenter.swift; sourceTree = "<group>"; };
		3C881A1B2B38A49A00092D73 /* ModuleBuilder.swift */ = {isa = PBXFileReference; lastKnownFileType = sourcecode.swift; path = ModuleBuilder.swift; sourceTree = "<group>"; };
		3C881A1E2B38A59800092D73 /* Router.swift */ = {isa = PBXFileReference; lastKnownFileType = sourcecode.swift; path = Router.swift; sourceTree = "<group>"; };
		3CF904992B3DCB1F006E9D51 /* MainViewController.swift */ = {isa = PBXFileReference; lastKnownFileType = sourcecode.swift; path = MainViewController.swift; sourceTree = "<group>"; };
/* End PBXFileReference section */

/* Begin PBXFrameworksBuildPhase section */
		3C8819F72B389E7500092D73 /* Frameworks */ = {
			isa = PBXFrameworksBuildPhase;
			buildActionMask = 2147483647;
			files = (
				3C881A222B38A77B00092D73 /* SnapKit in Frameworks */,
			);
			runOnlyForDeploymentPostprocessing = 0;
		};
/* End PBXFrameworksBuildPhase section */

/* Begin PBXGroup section */
		3C0BEED62B4C0E9D00CC7FA4 /* Main */ = {
			isa = PBXGroup;
			children = (
				3C0BEED72B4C0EAB00CC7FA4 /* Model */,
				3C0BEED82B4C0EB000CC7FA4 /* View */,
				3C0BEED92B4C0EB400CC7FA4 /* Presenter */,
			);
			path = Main;
			sourceTree = "<group>";
		};
		3C0BEED72B4C0EAB00CC7FA4 /* Model */ = {
			isa = PBXGroup;
			children = (
			);
			path = Model;
			sourceTree = "<group>";
		};
		3C0BEED82B4C0EB000CC7FA4 /* View */ = {
			isa = PBXGroup;
			children = (
				3CF904992B3DCB1F006E9D51 /* MainViewController.swift */,
			);
			path = View;
			sourceTree = "<group>";
		};
		3C0BEED92B4C0EB400CC7FA4 /* Presenter */ = {
			isa = PBXGroup;
			children = (
			);
			path = Presenter;
			sourceTree = "<group>";
		};
		3C0BEEDA2B4C124400CC7FA4 /* Fonts */ = {
			isa = PBXGroup;
			children = (
				3C0BEEDD2B4C126600CC7FA4 /* Rubik-Medium.ttf */,
				3C0BEEDB2B4C125F00CC7FA4 /* Rubik-Regular.ttf */,
			);
			path = Fonts;
			sourceTree = "<group>";
		};
		3C0BEEDF2B4C12D800CC7FA4 /* Extensions */ = {
			isa = PBXGroup;
			children = (
				3C0BEEE02B4C12E900CC7FA4 /* UIFont + Extension.swift */,
			);
			path = Extensions;
			sourceTree = "<group>";
		};
		3C8819F12B389E7500092D73 = {
			isa = PBXGroup;
			children = (
				3C8819FC2B389E7500092D73 /* CustomButtons */,
				3C8819FB2B389E7500092D73 /* Products */,
			);
			sourceTree = "<group>";
		};
		3C8819FB2B389E7500092D73 /* Products */ = {
			isa = PBXGroup;
			children = (
				3C8819FA2B389E7500092D73 /* CustomButtons.app */,
			);
			name = Products;
			sourceTree = "<group>";
		};
		3C8819FC2B389E7500092D73 /* CustomButtons */ = {
			isa = PBXGroup;
			children = (
				3C0BEEDF2B4C12D800CC7FA4 /* Extensions */,
				3C881A1D2B38A56600092D73 /* Router */,
				3C881A1A2B38A48C00092D73 /* ModuleBuilder */,
				3C881A132B38A08600092D73 /* Modules */,
				3C881A122B38A07000092D73 /* Resources */,
				3C881A112B38A06B00092D73 /* App */,
				3C881A0B2B389E7700092D73 /* Info.plist */,
			);
			path = CustomButtons;
			sourceTree = "<group>";
		};
		3C881A112B38A06B00092D73 /* App */ = {
			isa = PBXGroup;
			children = (
				3C8819FD2B389E7500092D73 /* AppDelegate.swift */,
				3C8819FF2B389E7500092D73 /* SceneDelegate.swift */,
			);
			path = App;
			sourceTree = "<group>";
		};
		3C881A122B38A07000092D73 /* Resources */ = {
			isa = PBXGroup;
			children = (
				3C0BEEDA2B4C124400CC7FA4 /* Fonts */,
				3C881A062B389E7700092D73 /* Assets.xcassets */,
				3C881A082B389E7700092D73 /* LaunchScreen.storyboard */,
			);
			path = Resources;
			sourceTree = "<group>";
		};
		3C881A132B38A08600092D73 /* Modules */ = {
			isa = PBXGroup;
			children = (
				3C881A142B38A1C900092D73 /* Welcome */,
				3C0BEED62B4C0E9D00CC7FA4 /* Main */,
			);
			path = Modules;
			sourceTree = "<group>";
		};
		3C881A142B38A1C900092D73 /* Welcome */ = {
			isa = PBXGroup;
			children = (
				3C881A172B38A1F900092D73 /* Presenter */,
				3C881A162B38A1F400092D73 /* View */,
				3C881A152B38A1EE00092D73 /* Model */,
			);
			path = Welcome;
			sourceTree = "<group>";
		};
		3C881A152B38A1EE00092D73 /* Model */ = {
			isa = PBXGroup;
			children = (
			);
			path = Model;
			sourceTree = "<group>";
		};
		3C881A162B38A1F400092D73 /* View */ = {
			isa = PBXGroup;
			children = (
				3C881A012B389E7500092D73 /* WelcomeViewController.swift */,
			);
			path = View;
			sourceTree = "<group>";
		};
		3C881A172B38A1F900092D73 /* Presenter */ = {
			isa = PBXGroup;
			children = (
				3C881A182B38A2E000092D73 /* WelcomePresenter.swift */,
			);
			path = Presenter;
			sourceTree = "<group>";
		};
		3C881A1A2B38A48C00092D73 /* ModuleBuilder */ = {
			isa = PBXGroup;
			children = (
				3C881A1B2B38A49A00092D73 /* ModuleBuilder.swift */,
			);
			path = ModuleBuilder;
			sourceTree = "<group>";
		};
		3C881A1D2B38A56600092D73 /* Router */ = {
			isa = PBXGroup;
			children = (
				3C881A1E2B38A59800092D73 /* Router.swift */,
			);
			path = Router;
			sourceTree = "<group>";
		};
/* End PBXGroup section */

/* Begin PBXNativeTarget section */
		3C8819F92B389E7500092D73 /* CustomButtons */ = {
			isa = PBXNativeTarget;
			buildConfigurationList = 3C881A0E2B389E7700092D73 /* Build configuration list for PBXNativeTarget "CustomButtons" */;
			buildPhases = (
				3C8819F62B389E7500092D73 /* Sources */,
				3C8819F72B389E7500092D73 /* Frameworks */,
				3C8819F82B389E7500092D73 /* Resources */,
			);
			buildRules = (
			);
			dependencies = (
			);
			name = CustomButtons;
			packageProductDependencies = (
				3C881A212B38A77B00092D73 /* SnapKit */,
			);
			productName = CustomButtons;
			productReference = 3C8819FA2B389E7500092D73 /* CustomButtons.app */;
			productType = "com.apple.product-type.application";
		};
/* End PBXNativeTarget section */

/* Begin PBXProject section */
		3C8819F22B389E7500092D73 /* Project object */ = {
			isa = PBXProject;
			attributes = {
				BuildIndependentTargetsInParallel = 1;
				LastSwiftUpdateCheck = 1430;
				LastUpgradeCheck = 1430;
				TargetAttributes = {
					3C8819F92B389E7500092D73 = {
						CreatedOnToolsVersion = 14.3.1;
					};
				};
			};
			buildConfigurationList = 3C8819F52B389E7500092D73 /* Build configuration list for PBXProject "CustomButtons" */;
			compatibilityVersion = "Xcode 14.0";
			developmentRegion = en;
			hasScannedForEncodings = 0;
			knownRegions = (
				en,
				Base,
			);
			mainGroup = 3C8819F12B389E7500092D73;
			packageReferences = (
				3C881A202B38A77B00092D73 /* XCRemoteSwiftPackageReference "SnapKit" */,
			);
			productRefGroup = 3C8819FB2B389E7500092D73 /* Products */;
			projectDirPath = "";
			projectRoot = "";
			targets = (
				3C8819F92B389E7500092D73 /* CustomButtons */,
			);
		};
/* End PBXProject section */

/* Begin PBXResourcesBuildPhase section */
		3C8819F82B389E7500092D73 /* Resources */ = {
			isa = PBXResourcesBuildPhase;
			buildActionMask = 2147483647;
			files = (
				3C881A0A2B389E7700092D73 /* LaunchScreen.storyboard in Resources */,
				3C0BEEDC2B4C125F00CC7FA4 /* Rubik-Regular.ttf in Resources */,
				3C881A072B389E7700092D73 /* Assets.xcassets in Resources */,
				3C0BEEDE2B4C126600CC7FA4 /* Rubik-Medium.ttf in Resources */,
			);
			runOnlyForDeploymentPostprocessing = 0;
		};
/* End PBXResourcesBuildPhase section */

/* Begin PBXSourcesBuildPhase section */
		3C8819F62B389E7500092D73 /* Sources */ = {
			isa = PBXSourcesBuildPhase;
			buildActionMask = 2147483647;
			files = (
				3C0BEEE12B4C12E900CC7FA4 /* UIFont + Extension.swift in Sources */,
				3CF9049A2B3DCB1F006E9D51 /* MainViewController.swift in Sources */,
				3C881A022B389E7500092D73 /* WelcomeViewController.swift in Sources */,
				3C881A192B38A2E000092D73 /* WelcomePresenter.swift in Sources */,
				3C8819FE2B389E7500092D73 /* AppDelegate.swift in Sources */,
				3C881A1C2B38A49A00092D73 /* ModuleBuilder.swift in Sources */,
				3C881A1F2B38A59800092D73 /* Router.swift in Sources */,
				3C881A002B389E7500092D73 /* SceneDelegate.swift in Sources */,
			);
			runOnlyForDeploymentPostprocessing = 0;
		};
/* End PBXSourcesBuildPhase section */

/* Begin PBXVariantGroup section */
		3C881A082B389E7700092D73 /* LaunchScreen.storyboard */ = {
			isa = PBXVariantGroup;
			children = (
				3C881A092B389E7700092D73 /* Base */,
			);
			name = LaunchScreen.storyboard;
			sourceTree = "<group>";
		};
/* End PBXVariantGroup section */

/* Begin XCBuildConfiguration section */
		3C881A0C2B389E7700092D73 /* Debug */ = {
			isa = XCBuildConfiguration;
			buildSettings = {
				ALWAYS_SEARCH_USER_PATHS = NO;
				CLANG_ANALYZER_NONNULL = YES;
				CLANG_ANALYZER_NUMBER_OBJECT_CONVERSION = YES_AGGRESSIVE;
				CLANG_CXX_LANGUAGE_STANDARD = "gnu++20";
				CLANG_ENABLE_MODULES = YES;
				CLANG_ENABLE_OBJC_ARC = YES;
				CLANG_ENABLE_OBJC_WEAK = YES;
				CLANG_WARN_BLOCK_CAPTURE_AUTORELEASING = YES;
				CLANG_WARN_BOOL_CONVERSION = YES;
				CLANG_WARN_COMMA = YES;
				CLANG_WARN_CONSTANT_CONVERSION = YES;
				CLANG_WARN_DEPRECATED_OBJC_IMPLEMENTATIONS = YES;
				CLANG_WARN_DIRECT_OBJC_ISA_USAGE = YES_ERROR;
				CLANG_WARN_DOCUMENTATION_COMMENTS = YES;
				CLANG_WARN_EMPTY_BODY = YES;
				CLANG_WARN_ENUM_CONVERSION = YES;
				CLANG_WARN_INFINITE_RECURSION = YES;
				CLANG_WARN_INT_CONVERSION = YES;
				CLANG_WARN_NON_LITERAL_NULL_CONVERSION = YES;
				CLANG_WARN_OBJC_IMPLICIT_RETAIN_SELF = YES;
				CLANG_WARN_OBJC_LITERAL_CONVERSION = YES;
				CLANG_WARN_OBJC_ROOT_CLASS = YES_ERROR;
				CLANG_WARN_QUOTED_INCLUDE_IN_FRAMEWORK_HEADER = YES;
				CLANG_WARN_RANGE_LOOP_ANALYSIS = YES;
				CLANG_WARN_STRICT_PROTOTYPES = YES;
				CLANG_WARN_SUSPICIOUS_MOVE = YES;
				CLANG_WARN_UNGUARDED_AVAILABILITY = YES_AGGRESSIVE;
				CLANG_WARN_UNREACHABLE_CODE = YES;
				CLANG_WARN__DUPLICATE_METHOD_MATCH = YES;
				COPY_PHASE_STRIP = NO;
				DEBUG_INFORMATION_FORMAT = dwarf;
				ENABLE_STRICT_OBJC_MSGSEND = YES;
				ENABLE_TESTABILITY = YES;
				GCC_C_LANGUAGE_STANDARD = gnu11;
				GCC_DYNAMIC_NO_PIC = NO;
				GCC_NO_COMMON_BLOCKS = YES;
				GCC_OPTIMIZATION_LEVEL = 0;
				GCC_PREPROCESSOR_DEFINITIONS = (
					"DEBUG=1",
					"$(inherited)",
				);
				GCC_WARN_64_TO_32_BIT_CONVERSION = YES;
				GCC_WARN_ABOUT_RETURN_TYPE = YES_ERROR;
				GCC_WARN_UNDECLARED_SELECTOR = YES;
				GCC_WARN_UNINITIALIZED_AUTOS = YES_AGGRESSIVE;
				GCC_WARN_UNUSED_FUNCTION = YES;
				GCC_WARN_UNUSED_VARIABLE = YES;
				IPHONEOS_DEPLOYMENT_TARGET = 16.4;
				MTL_ENABLE_DEBUG_INFO = INCLUDE_SOURCE;
				MTL_FAST_MATH = YES;
				ONLY_ACTIVE_ARCH = YES;
				SDKROOT = iphoneos;
				SWIFT_ACTIVE_COMPILATION_CONDITIONS = DEBUG;
				SWIFT_OPTIMIZATION_LEVEL = "-Onone";
			};
			name = Debug;
		};
		3C881A0D2B389E7700092D73 /* Release */ = {
			isa = XCBuildConfiguration;
			buildSettings = {
				ALWAYS_SEARCH_USER_PATHS = NO;
				CLANG_ANALYZER_NONNULL = YES;
				CLANG_ANALYZER_NUMBER_OBJECT_CONVERSION = YES_AGGRESSIVE;
				CLANG_CXX_LANGUAGE_STANDARD = "gnu++20";
				CLANG_ENABLE_MODULES = YES;
				CLANG_ENABLE_OBJC_ARC = YES;
				CLANG_ENABLE_OBJC_WEAK = YES;
				CLANG_WARN_BLOCK_CAPTURE_AUTORELEASING = YES;
				CLANG_WARN_BOOL_CONVERSION = YES;
				CLANG_WARN_COMMA = YES;
				CLANG_WARN_CONSTANT_CONVERSION = YES;
				CLANG_WARN_DEPRECATED_OBJC_IMPLEMENTATIONS = YES;
				CLANG_WARN_DIRECT_OBJC_ISA_USAGE = YES_ERROR;
				CLANG_WARN_DOCUMENTATION_COMMENTS = YES;
				CLANG_WARN_EMPTY_BODY = YES;
				CLANG_WARN_ENUM_CONVERSION = YES;
				CLANG_WARN_INFINITE_RECURSION = YES;
				CLANG_WARN_INT_CONVERSION = YES;
				CLANG_WARN_NON_LITERAL_NULL_CONVERSION = YES;
				CLANG_WARN_OBJC_IMPLICIT_RETAIN_SELF = YES;
				CLANG_WARN_OBJC_LITERAL_CONVERSION = YES;
				CLANG_WARN_OBJC_ROOT_CLASS = YES_ERROR;
				CLANG_WARN_QUOTED_INCLUDE_IN_FRAMEWORK_HEADER = YES;
				CLANG_WARN_RANGE_LOOP_ANALYSIS = YES;
				CLANG_WARN_STRICT_PROTOTYPES = YES;
				CLANG_WARN_SUSPICIOUS_MOVE = YES;
				CLANG_WARN_UNGUARDED_AVAILABILITY = YES_AGGRESSIVE;
				CLANG_WARN_UNREACHABLE_CODE = YES;
				CLANG_WARN__DUPLICATE_METHOD_MATCH = YES;
				COPY_PHASE_STRIP = NO;
				DEBUG_INFORMATION_FORMAT = "dwarf-with-dsym";
				ENABLE_NS_ASSERTIONS = NO;
				ENABLE_STRICT_OBJC_MSGSEND = YES;
				GCC_C_LANGUAGE_STANDARD = gnu11;
				GCC_NO_COMMON_BLOCKS = YES;
				GCC_WARN_64_TO_32_BIT_CONVERSION = YES;
				GCC_WARN_ABOUT_RETURN_TYPE = YES_ERROR;
				GCC_WARN_UNDECLARED_SELECTOR = YES;
				GCC_WARN_UNINITIALIZED_AUTOS = YES_AGGRESSIVE;
				GCC_WARN_UNUSED_FUNCTION = YES;
				GCC_WARN_UNUSED_VARIABLE = YES;
				IPHONEOS_DEPLOYMENT_TARGET = 16.4;
				MTL_ENABLE_DEBUG_INFO = NO;
				MTL_FAST_MATH = YES;
				SDKROOT = iphoneos;
				SWIFT_COMPILATION_MODE = wholemodule;
				SWIFT_OPTIMIZATION_LEVEL = "-O";
				VALIDATE_PRODUCT = YES;
			};
			name = Release;
		};
		3C881A0F2B389E7700092D73 /* Debug */ = {
			isa = XCBuildConfiguration;
			buildSettings = {
				ASSETCATALOG_COMPILER_APPICON_NAME = AppIcon;
				ASSETCATALOG_COMPILER_GLOBAL_ACCENT_COLOR_NAME = AccentColor;
				CODE_SIGN_STYLE = Automatic;
				CURRENT_PROJECT_VERSION = 1;
				DEVELOPMENT_TEAM = T22G8674NU;
				GENERATE_INFOPLIST_FILE = YES;
				INFOPLIST_FILE = CustomButtons/Info.plist;
				INFOPLIST_KEY_UIApplicationSupportsIndirectInputEvents = YES;
				INFOPLIST_KEY_UILaunchStoryboardName = LaunchScreen;
				INFOPLIST_KEY_UISupportedInterfaceOrientations_iPad = "UIInterfaceOrientationPortrait UIInterfaceOrientationPortraitUpsideDown UIInterfaceOrientationLandscapeLeft UIInterfaceOrientationLandscapeRight";
				INFOPLIST_KEY_UISupportedInterfaceOrientations_iPhone = "UIInterfaceOrientationPortrait UIInterfaceOrientationLandscapeLeft UIInterfaceOrientationLandscapeRight";
				LD_RUNPATH_SEARCH_PATHS = (
					"$(inherited)",
					"@executable_path/Frameworks",
				);
				MARKETING_VERSION = 1.0;
				PRODUCT_BUNDLE_IDENTIFIER = KirillTaraturin.CustomButtons;
				PRODUCT_NAME = "$(TARGET_NAME)";
				SWIFT_EMIT_LOC_STRINGS = YES;
				SWIFT_VERSION = 5.0;
				TARGETED_DEVICE_FAMILY = "1,2";
			};
			name = Debug;
		};
		3C881A102B389E7700092D73 /* Release */ = {
			isa = XCBuildConfiguration;
			buildSettings = {
				ASSETCATALOG_COMPILER_APPICON_NAME = AppIcon;
				ASSETCATALOG_COMPILER_GLOBAL_ACCENT_COLOR_NAME = AccentColor;
				CODE_SIGN_STYLE = Automatic;
				CURRENT_PROJECT_VERSION = 1;
				DEVELOPMENT_TEAM = T22G8674NU;
				GENERATE_INFOPLIST_FILE = YES;
				INFOPLIST_FILE = CustomButtons/Info.plist;
				INFOPLIST_KEY_UIApplicationSupportsIndirectInputEvents = YES;
				INFOPLIST_KEY_UILaunchStoryboardName = LaunchScreen;
				INFOPLIST_KEY_UISupportedInterfaceOrientations_iPad = "UIInterfaceOrientationPortrait UIInterfaceOrientationPortraitUpsideDown UIInterfaceOrientationLandscapeLeft UIInterfaceOrientationLandscapeRight";
				INFOPLIST_KEY_UISupportedInterfaceOrientations_iPhone = "UIInterfaceOrientationPortrait UIInterfaceOrientationLandscapeLeft UIInterfaceOrientationLandscapeRight";
				LD_RUNPATH_SEARCH_PATHS = (
					"$(inherited)",
					"@executable_path/Frameworks",
				);
				MARKETING_VERSION = 1.0;
				PRODUCT_BUNDLE_IDENTIFIER = KirillTaraturin.CustomButtons;
				PRODUCT_NAME = "$(TARGET_NAME)";
				SWIFT_EMIT_LOC_STRINGS = YES;
				SWIFT_VERSION = 5.0;
				TARGETED_DEVICE_FAMILY = "1,2";
			};
			name = Release;
		};
/* End XCBuildConfiguration section */

/* Begin XCConfigurationList section */
		3C8819F52B389E7500092D73 /* Build configuration list for PBXProject "CustomButtons" */ = {
			isa = XCConfigurationList;
			buildConfigurations = (
				3C881A0C2B389E7700092D73 /* Debug */,
				3C881A0D2B389E7700092D73 /* Release */,
			);
			defaultConfigurationIsVisible = 0;
			defaultConfigurationName = Release;
		};
		3C881A0E2B389E7700092D73 /* Build configuration list for PBXNativeTarget "CustomButtons" */ = {
			isa = XCConfigurationList;
			buildConfigurations = (
				3C881A0F2B389E7700092D73 /* Debug */,
				3C881A102B389E7700092D73 /* Release */,
			);
			defaultConfigurationIsVisible = 0;
			defaultConfigurationName = Release;
		};
/* End XCConfigurationList section */

/* Begin XCRemoteSwiftPackageReference section */
		3C881A202B38A77B00092D73 /* XCRemoteSwiftPackageReference "SnapKit" */ = {
			isa = XCRemoteSwiftPackageReference;
			repositoryURL = "https://github.com/SnapKit/SnapKit.git";
			requirement = {
				kind = upToNextMajorVersion;
				minimumVersion = 5.0.0;
			};
		};
/* End XCRemoteSwiftPackageReference section */

/* Begin XCSwiftPackageProductDependency section */
		3C881A212B38A77B00092D73 /* SnapKit */ = {
			isa = XCSwiftPackageProductDependency;
			package = 3C881A202B38A77B00092D73 /* XCRemoteSwiftPackageReference "SnapKit" */;
			productName = SnapKit;
		};
/* End XCSwiftPackageProductDependency section */
	};
	rootObject = 3C8819F22B389E7500092D73 /* Project object */;
}
